// !$*UTF8*$!
{
	archiveVersion = 1;
	classes = {
	};
	objectVersion = 46;
	objects = {

/* Begin PBXBuildFile section */
		5EC2D95F1BF8BC90001361C0 /* main.cpp in Sources */ = {isa = PBXBuildFile; fileRef = 5EC2D95E1BF8BC90001361C0 /* main.cpp */; };
		5EC2D9671BF8BE3A001361C0 /* TestRunner.cpp in Sources */ = {isa = PBXBuildFile; fileRef = 5EC2D9651BF8BE3A001361C0 /* TestRunner.cpp */; };
		5EC2D96A1BF8BEE9001361C0 /* HotDogStand.cpp in Sources */ = {isa = PBXBuildFile; fileRef = 5EC2D9681BF8BEE9001361C0 /* HotDogStand.cpp */; };
/* End PBXBuildFile section */

/* Begin PBXCopyFilesBuildPhase section */
		5EC2D9591BF8BC90001361C0 /* CopyFiles */ = {
			isa = PBXCopyFilesBuildPhase;
			buildActionMask = 2147483647;
			dstPath = /usr/share/man/man1/;
			dstSubfolderSpec = 0;
			files = (
			);
			runOnlyForDeploymentPostprocessing = 1;
		};
/* End PBXCopyFilesBuildPhase section */

/* Begin PBXFileReference section */
		5EC2D95B1BF8BC90001361C0 /* project4 */ = {isa = PBXFileReference; explicitFileType = "compiled.mach-o.executable"; includeInIndex = 0; path = project4; sourceTree = BUILT_PRODUCTS_DIR; };
		5EC2D95E1BF8BC90001361C0 /* main.cpp */ = {isa = PBXFileReference; lastKnownFileType = sourcecode.cpp.cpp; path = main.cpp; sourceTree = "<group>"; };
		5EC2D9651BF8BE3A001361C0 /* TestRunner.cpp */ = {isa = PBXFileReference; fileEncoding = 4; lastKnownFileType = sourcecode.cpp.cpp; path = TestRunner.cpp; sourceTree = "<group>"; };
		5EC2D9661BF8BE3A001361C0 /* TestRunner.h */ = {isa = PBXFileReference; fileEncoding = 4; lastKnownFileType = sourcecode.c.h; path = TestRunner.h; sourceTree = "<group>"; };
		5EC2D9681BF8BEE9001361C0 /* HotDogStand.cpp */ = {isa = PBXFileReference; fileEncoding = 4; lastKnownFileType = sourcecode.cpp.cpp; path = HotDogStand.cpp; sourceTree = "<group>"; };
		5EC2D9691BF8BEE9001361C0 /* HotDogStand.h */ = {isa = PBXFileReference; fileEncoding = 4; lastKnownFileType = sourcecode.c.h; path = HotDogStand.h; sourceTree = "<group>"; };
/* End PBXFileReference section */

/* Begin PBXFrameworksBuildPhase section */
		5EC2D9581BF8BC90001361C0 /* Frameworks */ = {
			isa = PBXFrameworksBuildPhase;
			buildActionMask = 2147483647;
			files = (
			);
			runOnlyForDeploymentPostprocessing = 0;
		};
/* End PBXFrameworksBuildPhase section */

/* Begin PBXGroup section */
		5EC2D9521BF8BC90001361C0 = {
			isa = PBXGroup;
			children = (
				5EC2D95D1BF8BC90001361C0 /* project4 */,
				5EC2D95C1BF8BC90001361C0 /* Products */,
			);
			sourceTree = "<group>";
		};
		5EC2D95C1BF8BC90001361C0 /* Products */ = {
			isa = PBXGroup;
			children = (
				5EC2D95B1BF8BC90001361C0 /* project4 */,
			);
			name = Products;
			sourceTree = "<group>";
		};
		5EC2D95D1BF8BC90001361C0 /* project4 */ = {
			isa = PBXGroup;
			children = (
				5EC2D95E1BF8BC90001361C0 /* main.cpp */,
				5EC2D9691BF8BEE9001361C0 /* HotDogStand.h */,
				5EC2D9681BF8BEE9001361C0 /* HotDogStand.cpp */,
				5EC2D9661BF8BE3A001361C0 /* TestRunner.h */,
				5EC2D9651BF8BE3A001361C0 /* TestRunner.cpp */,
			);
			path = project4;
			sourceTree = "<group>";
		};
/* End PBXGroup section */

/* Begin PBXNativeTarget section */
		5EC2D95A1BF8BC90001361C0 /* project4 */ = {
			isa = PBXNativeTarget;
			buildConfigurationList = 5EC2D9621BF8BC90001361C0 /* Build configuration list for PBXNativeTarget "project4" */;
			buildPhases = (
				5EC2D9571BF8BC90001361C0 /* Sources */,
				5EC2D9581BF8BC90001361C0 /* Frameworks */,
				5EC2D9591BF8BC90001361C0 /* CopyFiles */,
			);
			buildRules = (
			);
			dependencies = (
			);
			name = project4;
			productName = project4;
			productReference = 5EC2D95B1BF8BC90001361C0 /* project4 */;
			productType = "com.apple.product-type.tool";
		};
/* End PBXNativeTarget section */

/* Begin PBXProject section */
		5EC2D9531BF8BC90001361C0 /* Project object */ = {
			isa = PBXProject;
			attributes = {
				LastUpgradeCheck = 0640;
				ORGANIZATIONNAME = "Vince Allen";
				TargetAttributes = {
					5EC2D95A1BF8BC90001361C0 = {
						CreatedOnToolsVersion = 6.4;
					};
				};
			};
			buildConfigurationList = 5EC2D9561BF8BC90001361C0 /* Build configuration list for PBXProject "project4" */;
			compatibilityVersion = "Xcode 3.2";
			developmentRegion = English;
			hasScannedForEncodings = 0;
			knownRegions = (
				en,
			);
			mainGroup = 5EC2D9521BF8BC90001361C0;
			productRefGroup = 5EC2D95C1BF8BC90001361C0 /* Products */;
			projectDirPath = "";
			projectRoot = "";
			targets = (
				5EC2D95A1BF8BC90001361C0 /* project4 */,
			);
		};
/* End PBXProject section */

/* Begin PBXSourcesBuildPhase section */
		5EC2D9571BF8BC90001361C0 /* Sources */ = {
			isa = PBXSourcesBuildPhase;
			buildActionMask = 2147483647;
			files = (
				5EC2D95F1BF8BC90001361C0 /* main.cpp in Sources */,
				5EC2D9671BF8BE3A001361C0 /* TestRunner.cpp in Sources */,
				5EC2D96A1BF8BEE9001361C0 /* HotDogStand.cpp in Sources */,
			);
			runOnlyForDeploymentPostprocessing = 0;
		};
/* End PBXSourcesBuildPhase section */

/* Begin XCBuildConfiguration section */
		5EC2D9601BF8BC90001361C0 /* Debug */ = {
			isa = XCBuildConfiguration;
			buildSettings = {
				ALWAYS_SEARCH_USER_PATHS = NO;
				CLANG_CXX_LANGUAGE_STANDARD = "gnu++0x";
				CLANG_CXX_LIBRARY = "libc++";
				CLANG_ENABLE_MODULES = YES;
				CLANG_ENABLE_OBJC_ARC = YES;
				CLANG_WARN_BOOL_CONVERSION = YES;
				CLANG_WARN_CONSTANT_CONVERSION = YES;
				CLANG_WARN_DIRECT_OBJC_ISA_USAGE = YES_ERROR;
				CLANG_WARN_EMPTY_BODY = YES;
				CLANG_WARN_ENUM_CONVERSION = YES;
				CLANG_WARN_INT_CONVERSION = YES;
				CLANG_WARN_OBJC_ROOT_CLASS = YES_ERROR;
				CLANG_WARN_UNREACHABLE_CODE = YES;
				CLANG_WARN__DUPLICATE_METHOD_MATCH = YES;
				COPY_PHASE_STRIP = NO;
				DEBUG_INFORMATION_FORMAT = dwarf;
				ENABLE_STRICT_OBJC_MSGSEND = YES;
				GCC_C_LANGUAGE_STANDARD = gnu99;
				GCC_DYNAMIC_NO_PIC = NO;
				GCC_NO_COMMON_BLOCKS = YES;
				GCC_OPTIMIZATION_LEVEL = 0;
				GCC_PREPROCESSOR_DEFINITIONS = (
					"DEBUG=1",
					"$(inherited)",
				);
				GCC_SYMBOLS_PRIVATE_EXTERN = NO;
				GCC_WARN_64_TO_32_BIT_CONVERSION = YES;
				GCC_WARN_ABOUT_RETURN_TYPE = YES_ERROR;
				GCC_WARN_UNDECLARED_SELECTOR = YES;
				GCC_WARN_UNINITIALIZED_AUTOS = YES_AGGRESSIVE;
				GCC_WARN_UNUSED_FUNCTION = YES;
				GCC_WARN_UNUSED_VARIABLE = YES;
				MACOSX_DEPLOYMENT_TARGET = 10.10;
				MTL_ENABLE_DEBUG_INFO = YES;
				ONLY_ACTIVE_ARCH = YES;
				SDKROOT = macosx;
			};
			name = Debug;
		};
		5EC2D9611BF8BC90001361C0 /* Release */ = {
			isa = XCBuildConfiguration;
			buildSettings = {
				ALWAYS_SEARCH_USER_PATHS = NO;
				CLANG_CXX_LANGUAGE_STANDARD = "gnu++0x";
				CLANG_CXX_LIBRARY = "libc++";
				CLANG_ENABLE_MODULES = YES;
				CLANG_ENABLE_OBJC_ARC = YES;
				CLANG_WARN_BOOL_CONVERSION = YES;
				CLANG_WARN_CONSTANT_CONVERSION = YES;
				CLANG_WARN_DIRECT_OBJC_ISA_USAGE = YES_ERROR;
				CLANG_WARN_EMPTY_BODY = YES;
				CLANG_WARN_ENUM_CONVERSION = YES;
				CLANG_WARN_INT_CONVERSION = YES;
				CLANG_WARN_OBJC_ROOT_CLASS = YES_ERROR;
				CLANG_WARN_UNREACHABLE_CODE = YES;
				CLANG_WARN__DUPLICATE_METHOD_MATCH = YES;
				COPY_PHASE_STRIP = NO;
				DEBUG_INFORMATION_FORMAT = "dwarf-with-dsym";
				ENABLE_NS_ASSERTIONS = NO;
				ENABLE_STRICT_OBJC_MSGSEND = YES;
				GCC_C_LANGUAGE_STANDARD = gnu99;
				GCC_NO_COMMON_BLOCKS = YES;
				GCC_WARN_64_TO_32_BIT_CONVERSION = YES;
				GCC_WARN_ABOUT_RETURN_TYPE = YES_ERROR;
				GCC_WARN_UNDECLARED_SELECTOR = YES;
				GCC_WARN_UNINITIALIZED_AUTOS = YES_AGGRESSIVE;
				GCC_WARN_UNUSED_FUNCTION = YES;
				GCC_WARN_UNUSED_VARIABLE = YES;
				MACOSX_DEPLOYMENT_TARGET = 10.10;
				MTL_ENABLE_DEBUG_INFO = NO;
				SDKROOT = macosx;
			};
			name = Release;
		};
		5EC2D9631BF8BC90001361C0 /* Debug */ = {
			isa = XCBuildConfiguration;
			buildSettings = {
				PRODUCT_NAME = "$(TARGET_NAME)";
			};
			name = Debug;
		};
		5EC2D9641BF8BC90001361C0 /* Release */ = {
			isa = XCBuildConfiguration;
			buildSettings = {
				PRODUCT_NAME = "$(TARGET_NAME)";
			};
			name = Release;
		};
/* End XCBuildConfiguration section */

/* Begin XCConfigurationList section */
		5EC2D9561BF8BC90001361C0 /* Build configuration list for PBXProject "project4" */ = {
			isa = XCConfigurationList;
			buildConfigurations = (
				5EC2D9601BF8BC90001361C0 /* Debug */,
				5EC2D9611BF8BC90001361C0 /* Release */,
			);
			defaultConfigurationIsVisible = 0;
			defaultConfigurationName = Release;
		};
		5EC2D9621BF8BC90001361C0 /* Build configuration list for PBXNativeTarget "project4" */ = {
			isa = XCConfigurationList;
			buildConfigurations = (
				5EC2D9631BF8BC90001361C0 /* Debug */,
				5EC2D9641BF8BC90001361C0 /* Release */,
			);
			defaultConfigurationIsVisible = 0;
		};
/* End XCConfigurationList section */
	};
	rootObject = 5EC2D9531BF8BC90001361C0 /* Project object */;
}
